// !$*UTF8*$!
{
	archiveVersion = 1;
	classes = {
	};
	objectVersion = 52;
	objects = {

/* Begin PBXBuildFile section */
		A9167D1324BCE68400523EB6 /* UILint in Frameworks */ = {isa = PBXBuildFile; productRef = A9167D1224BCE68400523EB6 /* UILint */; };
		A9167D5124C09E5300523EB6 /* XCTestCaseExtension.swift in Sources */ = {isa = PBXBuildFile; fileRef = A9167D5024C09E5300523EB6 /* XCTestCaseExtension.swift */; };
		A9E5E20F24B7F9E400D6279F /* AppDelegate.swift in Sources */ = {isa = PBXBuildFile; fileRef = A9E5E20E24B7F9E400D6279F /* AppDelegate.swift */; };
		A9E5E21124B7F9E400D6279F /* SceneDelegate.swift in Sources */ = {isa = PBXBuildFile; fileRef = A9E5E21024B7F9E400D6279F /* SceneDelegate.swift */; };
		A9E5E21324B7F9E400D6279F /* ViewController.swift in Sources */ = {isa = PBXBuildFile; fileRef = A9E5E21224B7F9E400D6279F /* ViewController.swift */; };
		A9E5E21624B7F9E400D6279F /* Main.storyboard in Resources */ = {isa = PBXBuildFile; fileRef = A9E5E21424B7F9E400D6279F /* Main.storyboard */; };
		A9E5E21824B7F9E500D6279F /* Assets.xcassets in Resources */ = {isa = PBXBuildFile; fileRef = A9E5E21724B7F9E500D6279F /* Assets.xcassets */; };
		A9E5E21B24B7F9E500D6279F /* LaunchScreen.storyboard in Resources */ = {isa = PBXBuildFile; fileRef = A9E5E21924B7F9E500D6279F /* LaunchScreen.storyboard */; };
		A9E5E22624B7F9E500D6279F /* UIKItAgilityCourseTests.swift in Sources */ = {isa = PBXBuildFile; fileRef = A9E5E22524B7F9E500D6279F /* UIKItAgilityCourseTests.swift */; };
		A9E5E23124B7F9E500D6279F /* UIKItAgilityCourseUITests.swift in Sources */ = {isa = PBXBuildFile; fileRef = A9E5E23024B7F9E500D6279F /* UIKItAgilityCourseUITests.swift */; };
		A9E5E23F24B8023500D6279F /* FirstViewController.swift in Sources */ = {isa = PBXBuildFile; fileRef = A9E5E23E24B8023500D6279F /* FirstViewController.swift */; };
		A9E5E24124B8026900D6279F /* SecondViewController.swift in Sources */ = {isa = PBXBuildFile; fileRef = A9E5E24024B8026900D6279F /* SecondViewController.swift */; };
/* End PBXBuildFile section */

/* Begin PBXContainerItemProxy section */
		A9E5E22224B7F9E500D6279F /* PBXContainerItemProxy */ = {
			isa = PBXContainerItemProxy;
			containerPortal = A9E5E20324B7F9E400D6279F /* Project object */;
			proxyType = 1;
			remoteGlobalIDString = A9E5E20A24B7F9E400D6279F;
			remoteInfo = UIKItAgilityCourse;
		};
		A9E5E22D24B7F9E500D6279F /* PBXContainerItemProxy */ = {
			isa = PBXContainerItemProxy;
			containerPortal = A9E5E20324B7F9E400D6279F /* Project object */;
			proxyType = 1;
			remoteGlobalIDString = A9E5E20A24B7F9E400D6279F;
			remoteInfo = UIKItAgilityCourse;
		};
/* End PBXContainerItemProxy section */

/* Begin PBXFileReference section */
		A9167D1024BCE64800523EB6 /* UILint */ = {isa = PBXFileReference; lastKnownFileType = folder; name = UILint; path = ../../UILint; sourceTree = "<group>"; };
		A9167D5024C09E5300523EB6 /* XCTestCaseExtension.swift */ = {isa = PBXFileReference; lastKnownFileType = sourcecode.swift; path = XCTestCaseExtension.swift; sourceTree = "<group>"; };
		A9E5E20B24B7F9E400D6279F /* UIKItAgilityCourse.app */ = {isa = PBXFileReference; explicitFileType = wrapper.application; includeInIndex = 0; path = UIKItAgilityCourse.app; sourceTree = BUILT_PRODUCTS_DIR; };
		A9E5E20E24B7F9E400D6279F /* AppDelegate.swift */ = {isa = PBXFileReference; lastKnownFileType = sourcecode.swift; path = AppDelegate.swift; sourceTree = "<group>"; };
		A9E5E21024B7F9E400D6279F /* SceneDelegate.swift */ = {isa = PBXFileReference; lastKnownFileType = sourcecode.swift; path = SceneDelegate.swift; sourceTree = "<group>"; };
		A9E5E21224B7F9E400D6279F /* ViewController.swift */ = {isa = PBXFileReference; lastKnownFileType = sourcecode.swift; path = ViewController.swift; sourceTree = "<group>"; };
		A9E5E21524B7F9E400D6279F /* Base */ = {isa = PBXFileReference; lastKnownFileType = file.storyboard; name = Base; path = Base.lproj/Main.storyboard; sourceTree = "<group>"; };
		A9E5E21724B7F9E500D6279F /* Assets.xcassets */ = {isa = PBXFileReference; lastKnownFileType = folder.assetcatalog; path = Assets.xcassets; sourceTree = "<group>"; };
		A9E5E21A24B7F9E500D6279F /* Base */ = {isa = PBXFileReference; lastKnownFileType = file.storyboard; name = Base; path = Base.lproj/LaunchScreen.storyboard; sourceTree = "<group>"; };
		A9E5E21C24B7F9E500D6279F /* Info.plist */ = {isa = PBXFileReference; lastKnownFileType = text.plist.xml; path = Info.plist; sourceTree = "<group>"; };
		A9E5E22124B7F9E500D6279F /* UIKItAgilityCourseTests.xctest */ = {isa = PBXFileReference; explicitFileType = wrapper.cfbundle; includeInIndex = 0; path = UIKItAgilityCourseTests.xctest; sourceTree = BUILT_PRODUCTS_DIR; };
		A9E5E22524B7F9E500D6279F /* UIKItAgilityCourseTests.swift */ = {isa = PBXFileReference; lastKnownFileType = sourcecode.swift; path = UIKItAgilityCourseTests.swift; sourceTree = "<group>"; };
		A9E5E22724B7F9E500D6279F /* Info.plist */ = {isa = PBXFileReference; lastKnownFileType = text.plist.xml; path = Info.plist; sourceTree = "<group>"; };
		A9E5E22C24B7F9E500D6279F /* UIKItAgilityCourseUITests.xctest */ = {isa = PBXFileReference; explicitFileType = wrapper.cfbundle; includeInIndex = 0; path = UIKItAgilityCourseUITests.xctest; sourceTree = BUILT_PRODUCTS_DIR; };
		A9E5E23024B7F9E500D6279F /* UIKItAgilityCourseUITests.swift */ = {isa = PBXFileReference; lastKnownFileType = sourcecode.swift; path = UIKItAgilityCourseUITests.swift; sourceTree = "<group>"; };
		A9E5E23224B7F9E500D6279F /* Info.plist */ = {isa = PBXFileReference; lastKnownFileType = text.plist.xml; path = Info.plist; sourceTree = "<group>"; };
		A9E5E23E24B8023500D6279F /* FirstViewController.swift */ = {isa = PBXFileReference; lastKnownFileType = sourcecode.swift; path = FirstViewController.swift; sourceTree = "<group>"; };
		A9E5E24024B8026900D6279F /* SecondViewController.swift */ = {isa = PBXFileReference; lastKnownFileType = sourcecode.swift; path = SecondViewController.swift; sourceTree = "<group>"; };
		A9E5E24524B8F81C00D6279F /* TestPlan.xctestplan */ = {isa = PBXFileReference; lastKnownFileType = text; path = TestPlan.xctestplan; sourceTree = "<group>"; };
/* End PBXFileReference section */

/* Begin PBXFrameworksBuildPhase section */
		A9E5E20824B7F9E400D6279F /* Frameworks */ = {
			isa = PBXFrameworksBuildPhase;
			buildActionMask = 2147483647;
			files = (
				A9167D1324BCE68400523EB6 /* UILint in Frameworks */,
			);
			runOnlyForDeploymentPostprocessing = 0;
		};
		A9E5E21E24B7F9E500D6279F /* Frameworks */ = {
			isa = PBXFrameworksBuildPhase;
			buildActionMask = 2147483647;
			files = (
			);
			runOnlyForDeploymentPostprocessing = 0;
		};
		A9E5E22924B7F9E500D6279F /* Frameworks */ = {
			isa = PBXFrameworksBuildPhase;
			buildActionMask = 2147483647;
			files = (
			);
			runOnlyForDeploymentPostprocessing = 0;
		};
/* End PBXFrameworksBuildPhase section */

/* Begin PBXGroup section */
		A9167D1124BCE68400523EB6 /* Frameworks */ = {
			isa = PBXGroup;
			children = (
			);
			name = Frameworks;
			sourceTree = "<group>";
		};
		A9E5E20224B7F9E400D6279F = {
			isa = PBXGroup;
			children = (
				A9E5E24524B8F81C00D6279F /* TestPlan.xctestplan */,
				A9E5E20D24B7F9E400D6279F /* UIKItAgilityCourse */,
				A9E5E22424B7F9E500D6279F /* UIKItAgilityCourseTests */,
				A9E5E22F24B7F9E500D6279F /* UIKItAgilityCourseUITests */,
				A9E5E20C24B7F9E400D6279F /* Products */,
				A9167D1024BCE64800523EB6 /* UILint */,
				A9167D1124BCE68400523EB6 /* Frameworks */,
			);
			sourceTree = "<group>";
		};
		A9E5E20C24B7F9E400D6279F /* Products */ = {
			isa = PBXGroup;
			children = (
				A9E5E20B24B7F9E400D6279F /* UIKItAgilityCourse.app */,
				A9E5E22124B7F9E500D6279F /* UIKItAgilityCourseTests.xctest */,
				A9E5E22C24B7F9E500D6279F /* UIKItAgilityCourseUITests.xctest */,
			);
			name = Products;
			sourceTree = "<group>";
		};
		A9E5E20D24B7F9E400D6279F /* UIKItAgilityCourse */ = {
			isa = PBXGroup;
			children = (
				A9E5E20E24B7F9E400D6279F /* AppDelegate.swift */,
				A9E5E21024B7F9E400D6279F /* SceneDelegate.swift */,
				A9E5E21224B7F9E400D6279F /* ViewController.swift */,
				A9E5E23E24B8023500D6279F /* FirstViewController.swift */,
				A9E5E24024B8026900D6279F /* SecondViewController.swift */,
				A9E5E21424B7F9E400D6279F /* Main.storyboard */,
				A9E5E21724B7F9E500D6279F /* Assets.xcassets */,
				A9E5E21924B7F9E500D6279F /* LaunchScreen.storyboard */,
				A9E5E21C24B7F9E500D6279F /* Info.plist */,
			);
			path = UIKItAgilityCourse;
			sourceTree = "<group>";
		};
		A9E5E22424B7F9E500D6279F /* UIKItAgilityCourseTests */ = {
			isa = PBXGroup;
			children = (
				A9E5E22524B7F9E500D6279F /* UIKItAgilityCourseTests.swift */,
				A9E5E22724B7F9E500D6279F /* Info.plist */,
			);
			path = UIKItAgilityCourseTests;
			sourceTree = "<group>";
		};
		A9E5E22F24B7F9E500D6279F /* UIKItAgilityCourseUITests */ = {
			isa = PBXGroup;
			children = (
				A9167D5024C09E5300523EB6 /* XCTestCaseExtension.swift */,
				A9E5E23024B7F9E500D6279F /* UIKItAgilityCourseUITests.swift */,
				A9E5E23224B7F9E500D6279F /* Info.plist */,
			);
			path = UIKItAgilityCourseUITests;
			sourceTree = "<group>";
		};
/* End PBXGroup section */

/* Begin PBXNativeTarget section */
		A9E5E20A24B7F9E400D6279F /* UIKItAgilityCourse */ = {
			isa = PBXNativeTarget;
			buildConfigurationList = A9E5E23524B7F9E500D6279F /* Build configuration list for PBXNativeTarget "UIKItAgilityCourse" */;
			buildPhases = (
				A9E5E20724B7F9E400D6279F /* Sources */,
				A9E5E20824B7F9E400D6279F /* Frameworks */,
				A9E5E20924B7F9E400D6279F /* Resources */,
			);
			buildRules = (
			);
			dependencies = (
			);
			name = UIKItAgilityCourse;
			packageProductDependencies = (
				A9167D1224BCE68400523EB6 /* UILint */,
			);
			productName = UIKItAgilityCourse;
			productReference = A9E5E20B24B7F9E400D6279F /* UIKItAgilityCourse.app */;
			productType = "com.apple.product-type.application";
		};
		A9E5E22024B7F9E500D6279F /* UIKItAgilityCourseTests */ = {
			isa = PBXNativeTarget;
			buildConfigurationList = A9E5E23824B7F9E500D6279F /* Build configuration list for PBXNativeTarget "UIKItAgilityCourseTests" */;
			buildPhases = (
				A9E5E21D24B7F9E500D6279F /* Sources */,
				A9E5E21E24B7F9E500D6279F /* Frameworks */,
				A9E5E21F24B7F9E500D6279F /* Resources */,
			);
			buildRules = (
			);
			dependencies = (
				A9E5E22324B7F9E500D6279F /* PBXTargetDependency */,
			);
			name = UIKItAgilityCourseTests;
			productName = UIKItAgilityCourseTests;
			productReference = A9E5E22124B7F9E500D6279F /* UIKItAgilityCourseTests.xctest */;
			productType = "com.apple.product-type.bundle.unit-test";
		};
		A9E5E22B24B7F9E500D6279F /* UIKItAgilityCourseUITests */ = {
			isa = PBXNativeTarget;
			buildConfigurationList = A9E5E23B24B7F9E500D6279F /* Build configuration list for PBXNativeTarget "UIKItAgilityCourseUITests" */;
			buildPhases = (
				A9E5E22824B7F9E500D6279F /* Sources */,
				A9E5E22924B7F9E500D6279F /* Frameworks */,
				A9E5E22A24B7F9E500D6279F /* Resources */,
			);
			buildRules = (
			);
			dependencies = (
				A9E5E22E24B7F9E500D6279F /* PBXTargetDependency */,
			);
			name = UIKItAgilityCourseUITests;
			productName = UIKItAgilityCourseUITests;
			productReference = A9E5E22C24B7F9E500D6279F /* UIKItAgilityCourseUITests.xctest */;
			productType = "com.apple.product-type.bundle.ui-testing";
		};
/* End PBXNativeTarget section */

/* Begin PBXProject section */
		A9E5E20324B7F9E400D6279F /* Project object */ = {
			isa = PBXProject;
			attributes = {
				LastSwiftUpdateCheck = 1200;
				LastUpgradeCheck = 1200;
				TargetAttributes = {
					A9E5E20A24B7F9E400D6279F = {
						CreatedOnToolsVersion = 12.0;
					};
					A9E5E22024B7F9E500D6279F = {
						CreatedOnToolsVersion = 12.0;
						TestTargetID = A9E5E20A24B7F9E400D6279F;
					};
					A9E5E22B24B7F9E500D6279F = {
						CreatedOnToolsVersion = 12.0;
						TestTargetID = A9E5E20A24B7F9E400D6279F;
					};
				};
			};
			buildConfigurationList = A9E5E20624B7F9E400D6279F /* Build configuration list for PBXProject "UIKItAgilityCourse" */;
			compatibilityVersion = "Xcode 9.3";
			developmentRegion = en;
			hasScannedForEncodings = 0;
			knownRegions = (
				en,
				Base,
			);
			mainGroup = A9E5E20224B7F9E400D6279F;
			packageReferences = (
			);
			productRefGroup = A9E5E20C24B7F9E400D6279F /* Products */;
			projectDirPath = "";
			projectRoot = "";
			targets = (
				A9E5E20A24B7F9E400D6279F /* UIKItAgilityCourse */,
				A9E5E22024B7F9E500D6279F /* UIKItAgilityCourseTests */,
				A9E5E22B24B7F9E500D6279F /* UIKItAgilityCourseUITests */,
			);
		};
/* End PBXProject section */

/* Begin PBXResourcesBuildPhase section */
		A9E5E20924B7F9E400D6279F /* Resources */ = {
			isa = PBXResourcesBuildPhase;
			buildActionMask = 2147483647;
			files = (
				A9E5E21B24B7F9E500D6279F /* LaunchScreen.storyboard in Resources */,
				A9E5E21824B7F9E500D6279F /* Assets.xcassets in Resources */,
				A9E5E21624B7F9E400D6279F /* Main.storyboard in Resources */,
			);
			runOnlyForDeploymentPostprocessing = 0;
		};
		A9E5E21F24B7F9E500D6279F /* Resources */ = {
			isa = PBXResourcesBuildPhase;
			buildActionMask = 2147483647;
			files = (
			);
			runOnlyForDeploymentPostprocessing = 0;
		};
		A9E5E22A24B7F9E500D6279F /* Resources */ = {
			isa = PBXResourcesBuildPhase;
			buildActionMask = 2147483647;
			files = (
			);
			runOnlyForDeploymentPostprocessing = 0;
		};
/* End PBXResourcesBuildPhase section */

/* Begin PBXSourcesBuildPhase section */
		A9E5E20724B7F9E400D6279F /* Sources */ = {
			isa = PBXSourcesBuildPhase;
			buildActionMask = 2147483647;
			files = (
				A9E5E21324B7F9E400D6279F /* ViewController.swift in Sources */,
				A9E5E20F24B7F9E400D6279F /* AppDelegate.swift in Sources */,
				A9E5E21124B7F9E400D6279F /* SceneDelegate.swift in Sources */,
				A9E5E24124B8026900D6279F /* SecondViewController.swift in Sources */,
				A9E5E23F24B8023500D6279F /* FirstViewController.swift in Sources */,
			);
			runOnlyForDeploymentPostprocessing = 0;
		};
		A9E5E21D24B7F9E500D6279F /* Sources */ = {
			isa = PBXSourcesBuildPhase;
			buildActionMask = 2147483647;
			files = (
				A9E5E22624B7F9E500D6279F /* UIKItAgilityCourseTests.swift in Sources */,
			);
			runOnlyForDeploymentPostprocessing = 0;
		};
		A9E5E22824B7F9E500D6279F /* Sources */ = {
			isa = PBXSourcesBuildPhase;
			buildActionMask = 2147483647;
			files = (
				A9167D5124C09E5300523EB6 /* XCTestCaseExtension.swift in Sources */,
				A9E5E23124B7F9E500D6279F /* UIKItAgilityCourseUITests.swift in Sources */,
			);
			runOnlyForDeploymentPostprocessing = 0;
		};
/* End PBXSourcesBuildPhase section */

/* Begin PBXTargetDependency section */
		A9E5E22324B7F9E500D6279F /* PBXTargetDependency */ = {
			isa = PBXTargetDependency;
			target = A9E5E20A24B7F9E400D6279F /* UIKItAgilityCourse */;
			targetProxy = A9E5E22224B7F9E500D6279F /* PBXContainerItemProxy */;
		};
		A9E5E22E24B7F9E500D6279F /* PBXTargetDependency */ = {
			isa = PBXTargetDependency;
			target = A9E5E20A24B7F9E400D6279F /* UIKItAgilityCourse */;
			targetProxy = A9E5E22D24B7F9E500D6279F /* PBXContainerItemProxy */;
		};
/* End PBXTargetDependency section */

/* Begin PBXVariantGroup section */
		A9E5E21424B7F9E400D6279F /* Main.storyboard */ = {
			isa = PBXVariantGroup;
			children = (
				A9E5E21524B7F9E400D6279F /* Base */,
			);
			name = Main.storyboard;
			sourceTree = "<group>";
		};
		A9E5E21924B7F9E500D6279F /* LaunchScreen.storyboard */ = {
			isa = PBXVariantGroup;
			children = (
				A9E5E21A24B7F9E500D6279F /* Base */,
			);
			name = LaunchScreen.storyboard;
			sourceTree = "<group>";
		};
/* End PBXVariantGroup section */

/* Begin XCBuildConfiguration section */
		A9E5E23324B7F9E500D6279F /* Debug */ = {
			isa = XCBuildConfiguration;
			buildSettings = {
				ALWAYS_SEARCH_USER_PATHS = NO;
				CLANG_ANALYZER_NONNULL = YES;
				CLANG_ANALYZER_NUMBER_OBJECT_CONVERSION = YES_AGGRESSIVE;
				CLANG_CXX_LANGUAGE_STANDARD = "gnu++14";
				CLANG_CXX_LIBRARY = "libc++";
				CLANG_ENABLE_MODULES = YES;
				CLANG_ENABLE_OBJC_ARC = YES;
				CLANG_ENABLE_OBJC_WEAK = YES;
				CLANG_WARN_BLOCK_CAPTURE_AUTORELEASING = YES;
				CLANG_WARN_BOOL_CONVERSION = YES;
				CLANG_WARN_COMMA = YES;
				CLANG_WARN_CONSTANT_CONVERSION = YES;
				CLANG_WARN_DEPRECATED_OBJC_IMPLEMENTATIONS = YES;
				CLANG_WARN_DIRECT_OBJC_ISA_USAGE = YES_ERROR;
				CLANG_WARN_DOCUMENTATION_COMMENTS = YES;
				CLANG_WARN_EMPTY_BODY = YES;
				CLANG_WARN_ENUM_CONVERSION = YES;
				CLANG_WARN_INFINITE_RECURSION = YES;
				CLANG_WARN_INT_CONVERSION = YES;
				CLANG_WARN_NON_LITERAL_NULL_CONVERSION = YES;
				CLANG_WARN_OBJC_IMPLICIT_RETAIN_SELF = YES;
				CLANG_WARN_OBJC_LITERAL_CONVERSION = YES;
				CLANG_WARN_OBJC_ROOT_CLASS = YES_ERROR;
				CLANG_WARN_QUOTED_INCLUDE_IN_FRAMEWORK_HEADER = YES;
				CLANG_WARN_RANGE_LOOP_ANALYSIS = YES;
				CLANG_WARN_STRICT_PROTOTYPES = YES;
				CLANG_WARN_SUSPICIOUS_MOVE = YES;
				CLANG_WARN_UNGUARDED_AVAILABILITY = YES_AGGRESSIVE;
				CLANG_WARN_UNREACHABLE_CODE = YES;
				CLANG_WARN__DUPLICATE_METHOD_MATCH = YES;
				COPY_PHASE_STRIP = NO;
				DEBUG_INFORMATION_FORMAT = dwarf;
				ENABLE_STRICT_OBJC_MSGSEND = YES;
				ENABLE_TESTABILITY = YES;
				GCC_C_LANGUAGE_STANDARD = gnu11;
				GCC_DYNAMIC_NO_PIC = NO;
				GCC_NO_COMMON_BLOCKS = YES;
				GCC_OPTIMIZATION_LEVEL = 0;
				GCC_PREPROCESSOR_DEFINITIONS = (
					"DEBUG=1",
					"$(inherited)",
				);
				GCC_WARN_64_TO_32_BIT_CONVERSION = YES;
				GCC_WARN_ABOUT_RETURN_TYPE = YES_ERROR;
				GCC_WARN_UNDECLARED_SELECTOR = YES;
				GCC_WARN_UNINITIALIZED_AUTOS = YES_AGGRESSIVE;
				GCC_WARN_UNUSED_FUNCTION = YES;
				GCC_WARN_UNUSED_VARIABLE = YES;
				IPHONEOS_DEPLOYMENT_TARGET = 14.0;
				MTL_ENABLE_DEBUG_INFO = INCLUDE_SOURCE;
				MTL_FAST_MATH = YES;
				ONLY_ACTIVE_ARCH = YES;
				SDKROOT = iphoneos;
				SWIFT_ACTIVE_COMPILATION_CONDITIONS = DEBUG;
				SWIFT_OPTIMIZATION_LEVEL = "-Onone";
			};
			name = Debug;
		};
		A9E5E23424B7F9E500D6279F /* Release */ = {
			isa = XCBuildConfiguration;
			buildSettings = {
				ALWAYS_SEARCH_USER_PATHS = NO;
				CLANG_ANALYZER_NONNULL = YES;
				CLANG_ANALYZER_NUMBER_OBJECT_CONVERSION = YES_AGGRESSIVE;
				CLANG_CXX_LANGUAGE_STANDARD = "gnu++14";
				CLANG_CXX_LIBRARY = "libc++";
				CLANG_ENABLE_MODULES = YES;
				CLANG_ENABLE_OBJC_ARC = YES;
				CLANG_ENABLE_OBJC_WEAK = YES;
				CLANG_WARN_BLOCK_CAPTURE_AUTORELEASING = YES;
				CLANG_WARN_BOOL_CONVERSION = YES;
				CLANG_WARN_COMMA = YES;
				CLANG_WARN_CONSTANT_CONVERSION = YES;
				CLANG_WARN_DEPRECATED_OBJC_IMPLEMENTATIONS = YES;
				CLANG_WARN_DIRECT_OBJC_ISA_USAGE = YES_ERROR;
				CLANG_WARN_DOCUMENTATION_COMMENTS = YES;
				CLANG_WARN_EMPTY_BODY = YES;
				CLANG_WARN_ENUM_CONVERSION = YES;
				CLANG_WARN_INFINITE_RECURSION = YES;
				CLANG_WARN_INT_CONVERSION = YES;
				CLANG_WARN_NON_LITERAL_NULL_CONVERSION = YES;
				CLANG_WARN_OBJC_IMPLICIT_RETAIN_SELF = YES;
				CLANG_WARN_OBJC_LITERAL_CONVERSION = YES;
				CLANG_WARN_OBJC_ROOT_CLASS = YES_ERROR;
				CLANG_WARN_QUOTED_INCLUDE_IN_FRAMEWORK_HEADER = YES;
				CLANG_WARN_RANGE_LOOP_ANALYSIS = YES;
				CLANG_WARN_STRICT_PROTOTYPES = YES;
				CLANG_WARN_SUSPICIOUS_MOVE = YES;
				CLANG_WARN_UNGUARDED_AVAILABILITY = YES_AGGRESSIVE;
				CLANG_WARN_UNREACHABLE_CODE = YES;
				CLANG_WARN__DUPLICATE_METHOD_MATCH = YES;
				COPY_PHASE_STRIP = NO;
				DEBUG_INFORMATION_FORMAT = "dwarf-with-dsym";
				ENABLE_NS_ASSERTIONS = NO;
				ENABLE_STRICT_OBJC_MSGSEND = YES;
				GCC_C_LANGUAGE_STANDARD = gnu11;
				GCC_NO_COMMON_BLOCKS = YES;
				GCC_WARN_64_TO_32_BIT_CONVERSION = YES;
				GCC_WARN_ABOUT_RETURN_TYPE = YES_ERROR;
				GCC_WARN_UNDECLARED_SELECTOR = YES;
				GCC_WARN_UNINITIALIZED_AUTOS = YES_AGGRESSIVE;
				GCC_WARN_UNUSED_FUNCTION = YES;
				GCC_WARN_UNUSED_VARIABLE = YES;
				IPHONEOS_DEPLOYMENT_TARGET = 14.0;
				MTL_ENABLE_DEBUG_INFO = NO;
				MTL_FAST_MATH = YES;
				SDKROOT = iphoneos;
				SWIFT_COMPILATION_MODE = wholemodule;
				SWIFT_OPTIMIZATION_LEVEL = "-O";
				VALIDATE_PRODUCT = YES;
			};
			name = Release;
		};
		A9E5E23624B7F9E500D6279F /* Debug */ = {
			isa = XCBuildConfiguration;
			buildSettings = {
				ASSETCATALOG_COMPILER_APPICON_NAME = AppIcon;
				ASSETCATALOG_COMPILER_GLOBAL_ACCENT_COLOR_NAME = AccentColor;
				CODE_SIGN_STYLE = Automatic;
				DEVELOPMENT_TEAM = 6TVV5C2TV8;
				INFOPLIST_FILE = UIKItAgilityCourse/Info.plist;
				LD_RUNPATH_SEARCH_PATHS = (
					"$(inherited)",
					"@executable_path/Frameworks",
				);
				PRODUCT_BUNDLE_IDENTIFIER = com.qmchenry.UIKItAgilityCourse;
				PRODUCT_NAME = "$(TARGET_NAME)";
				SWIFT_VERSION = 5.0;
				TARGETED_DEVICE_FAMILY = "1,2";
			};
			name = Debug;
		};
		A9E5E23724B7F9E500D6279F /* Release */ = {
			isa = XCBuildConfiguration;
			buildSettings = {
				ASSETCATALOG_COMPILER_APPICON_NAME = AppIcon;
				ASSETCATALOG_COMPILER_GLOBAL_ACCENT_COLOR_NAME = AccentColor;
				CODE_SIGN_STYLE = Automatic;
				DEVELOPMENT_TEAM = 6TVV5C2TV8;
				INFOPLIST_FILE = UIKItAgilityCourse/Info.plist;
				LD_RUNPATH_SEARCH_PATHS = (
					"$(inherited)",
					"@executable_path/Frameworks",
				);
				PRODUCT_BUNDLE_IDENTIFIER = com.qmchenry.UIKItAgilityCourse;
				PRODUCT_NAME = "$(TARGET_NAME)";
				SWIFT_VERSION = 5.0;
				TARGETED_DEVICE_FAMILY = "1,2";
			};
			name = Release;
		};
		A9E5E23924B7F9E500D6279F /* Debug */ = {
			isa = XCBuildConfiguration;
			buildSettings = {
				ALWAYS_EMBED_SWIFT_STANDARD_LIBRARIES = YES;
				BUNDLE_LOADER = "$(TEST_HOST)";
				CODE_SIGN_STYLE = Automatic;
				DEVELOPMENT_TEAM = 6TVV5C2TV8;
				INFOPLIST_FILE = UIKItAgilityCourseTests/Info.plist;
				IPHONEOS_DEPLOYMENT_TARGET = 14.0;
				LD_RUNPATH_SEARCH_PATHS = (
					"$(inherited)",
					"@executable_path/Frameworks",
					"@loader_path/Frameworks",
				);
				PRODUCT_BUNDLE_IDENTIFIER = com.qmchenry.UIKItAgilityCourseTests;
				PRODUCT_NAME = "$(TARGET_NAME)";
				SWIFT_VERSION = 5.0;
				TARGETED_DEVICE_FAMILY = "1,2";
				TEST_HOST = "$(BUILT_PRODUCTS_DIR)/UIKItAgilityCourse.app/UIKItAgilityCourse";
			};
			name = Debug;
		};
		A9E5E23A24B7F9E500D6279F /* Release */ = {
			isa = XCBuildConfiguration;
			buildSettings = {
				ALWAYS_EMBED_SWIFT_STANDARD_LIBRARIES = YES;
				BUNDLE_LOADER = "$(TEST_HOST)";
				CODE_SIGN_STYLE = Automatic;
				DEVELOPMENT_TEAM = 6TVV5C2TV8;
				INFOPLIST_FILE = UIKItAgilityCourseTests/Info.plist;
				IPHONEOS_DEPLOYMENT_TARGET = 14.0;
				LD_RUNPATH_SEARCH_PATHS = (
					"$(inherited)",
					"@executable_path/Frameworks",
					"@loader_path/Frameworks",
				);
				PRODUCT_BUNDLE_IDENTIFIER = com.qmchenry.UIKItAgilityCourseTests;
				PRODUCT_NAME = "$(TARGET_NAME)";
				SWIFT_VERSION = 5.0;
				TARGETED_DEVICE_FAMILY = "1,2";
				TEST_HOST = "$(BUILT_PRODUCTS_DIR)/UIKItAgilityCourse.app/UIKItAgilityCourse";
			};
			name = Release;
		};
		A9E5E23C24B7F9E500D6279F /* Debug */ = {
			isa = XCBuildConfiguration;
			buildSettings = {
				ALWAYS_EMBED_SWIFT_STANDARD_LIBRARIES = YES;
				CODE_SIGN_STYLE = Automatic;
				DEVELOPMENT_TEAM = 6TVV5C2TV8;
				INFOPLIST_FILE = UIKItAgilityCourseUITests/Info.plist;
				LD_RUNPATH_SEARCH_PATHS = (
					"$(inherited)",
					"@executable_path/Frameworks",
					"@loader_path/Frameworks",
				);
				PRODUCT_BUNDLE_IDENTIFIER = com.qmchenry.UIKItAgilityCourseUITests;
				PRODUCT_NAME = "$(TARGET_NAME)";
				SWIFT_VERSION = 5.0;
				TARGETED_DEVICE_FAMILY = "1,2";
				TEST_TARGET_NAME = UIKItAgilityCourse;
			};
			name = Debug;
		};
		A9E5E23D24B7F9E500D6279F /* Release */ = {
			isa = XCBuildConfiguration;
			buildSettings = {
				ALWAYS_EMBED_SWIFT_STANDARD_LIBRARIES = YES;
				CODE_SIGN_STYLE = Automatic;
				DEVELOPMENT_TEAM = 6TVV5C2TV8;
				INFOPLIST_FILE = UIKItAgilityCourseUITests/Info.plist;
				LD_RUNPATH_SEARCH_PATHS = (
					"$(inherited)",
					"@executable_path/Frameworks",
					"@loader_path/Frameworks",
				);
				PRODUCT_BUNDLE_IDENTIFIER = com.qmchenry.UIKItAgilityCourseUITests;
				PRODUCT_NAME = "$(TARGET_NAME)";
				SWIFT_VERSION = 5.0;
				TARGETED_DEVICE_FAMILY = "1,2";
				TEST_TARGET_NAME = UIKItAgilityCourse;
			};
			name = Release;
		};
/* End XCBuildConfiguration section */

/* Begin XCConfigurationList section */
		A9E5E20624B7F9E400D6279F /* Build configuration list for PBXProject "UIKItAgilityCourse" */ = {
			isa = XCConfigurationList;
			buildConfigurations = (
				A9E5E23324B7F9E500D6279F /* Debug */,
				A9E5E23424B7F9E500D6279F /* Release */,
			);
			defaultConfigurationIsVisible = 0;
			defaultConfigurationName = Release;
		};
		A9E5E23524B7F9E500D6279F /* Build configuration list for PBXNativeTarget "UIKItAgilityCourse" */ = {
			isa = XCConfigurationList;
			buildConfigurations = (
				A9E5E23624B7F9E500D6279F /* Debug */,
				A9E5E23724B7F9E500D6279F /* Release */,
			);
			defaultConfigurationIsVisible = 0;
			defaultConfigurationName = Release;
		};
		A9E5E23824B7F9E500D6279F /* Build configuration list for PBXNativeTarget "UIKItAgilityCourseTests" */ = {
			isa = XCConfigurationList;
			buildConfigurations = (
				A9E5E23924B7F9E500D6279F /* Debug */,
				A9E5E23A24B7F9E500D6279F /* Release */,
			);
			defaultConfigurationIsVisible = 0;
			defaultConfigurationName = Release;
		};
		A9E5E23B24B7F9E500D6279F /* Build configuration list for PBXNativeTarget "UIKItAgilityCourseUITests" */ = {
			isa = XCConfigurationList;
			buildConfigurations = (
				A9E5E23C24B7F9E500D6279F /* Debug */,
				A9E5E23D24B7F9E500D6279F /* Release */,
			);
			defaultConfigurationIsVisible = 0;
			defaultConfigurationName = Release;
		};
/* End XCConfigurationList section */

/* Begin XCSwiftPackageProductDependency section */
		A9167D1224BCE68400523EB6 /* UILint */ = {
			isa = XCSwiftPackageProductDependency;
			productName = UILint;
		};
/* End XCSwiftPackageProductDependency section */
	};
	rootObject = A9E5E20324B7F9E400D6279F /* Project object */;
}
